
Microsoft Visual Studio Solution File, Format Version 12.00
# Visual Studio Version 16
VisualStudioVersion = 16.0.29905.134
MinimumVisualStudioVersion = 10.0.40219.1
Project("{FAE04EC0-301F-11D3-BF4B-00C04F79EFBC}") = "MarvelWorld.Api", "MarvelWorld.Api\MarvelWorld.Api.csproj", "{2395A58F-9862-4150-9708-66173C6CA739}"
EndProject
Global
	GlobalSection(SolutionConfigurationPlatforms) = preSolution
		Debug|Any CPU = Debug|Any CPU
		Release|Any CPU = Release|Any CPU
	EndGlobalSection
	GlobalSection(ProjectConfigurationPlatforms) = postSolution
		{2395A58F-9862-4150-9708-66173C6CA739}.Debug|Any CPU.ActiveCfg = Debug|Any CPU
		{2395A58F-9862-4150-9708-66173C6CA739}.Debug|Any CPU.Build.0 = Debug|Any CPU
		{2395A58F-9862-4150-9708-66173C6CA739}.Release|Any CPU.ActiveCfg = Release|Any CPU
		{2395A58F-9862-4150-9708-66173C6CA739}.Release|Any CPU.Build.0 = Release|Any CPU
	EndGlobalSection
	GlobalSection(SolutionProperties) = preSolution
		HideSolutionNode = FALSE
	EndGlobalSection
	GlobalSection(ExtensibilityGlobals) = postSolution
		SolutionGuid = {DA889AF2-D58C-4133-A8BC-D4C454CA9F44}
	EndGlobalSection
EndGlobal
